
Microsoft Visual Studio Solution File, Format Version 12.00
# Visual Studio 15
VisualStudioVersion = 15.0.28307.136
MinimumVisualStudioVersion = 10.0.40219.1
Project("{FAE04EC0-301F-11D3-BF4B-00C04F79EFBC}") = "Temp", "Temp\Temp.csproj", "{B864D4F5-3633-4050-8C7C-0F37CF65147B}"
EndProject
Global
	GlobalSection(SolutionConfigurationPlatforms) = preSolution
		Debug|Any CPU = Debug|Any CPU
		Release|Any CPU = Release|Any CPU
	EndGlobalSection
	GlobalSection(ProjectConfigurationPlatforms) = postSolution
		{B864D4F5-3633-4050-8C7C-0F37CF65147B}.Debug|Any CPU.ActiveCfg = Debug|Any CPU
		{B864D4F5-3633-4050-8C7C-0F37CF65147B}.Debug|Any CPU.Build.0 = Debug|Any CPU
		{B864D4F5-3633-4050-8C7C-0F37CF65147B}.Release|Any CPU.ActiveCfg = Release|Any CPU
		{B864D4F5-3633-4050-8C7C-0F37CF65147B}.Release|Any CPU.Build.0 = Release|Any CPU
	EndGlobalSection
	GlobalSection(SolutionProperties) = preSolution
		HideSolutionNode = FALSE
	EndGlobalSection
	GlobalSection(ExtensibilityGlobals) = postSolution
		SolutionGuid = {AB67EEA7-F861-421C-BB02-848D5155E23A}
	EndGlobalSection
EndGlobal
